
Microsoft Visual Studio Solution File, Format Version 12.00
# Visual Studio Version 16
VisualStudioVersion = 16.0.31613.86
MinimumVisualStudioVersion = 10.0.40219.1
Project("{9A19103F-16F7-4668-BE54-9A1E7A4F7556}") = "Xiphos", "Xiphos.Engine\Xiphos.csproj", "{D9AFB613-6A36-4FE5-A00C-2A7A9F4D7ECC}"
EndProject
Project("{9A19103F-16F7-4668-BE54-9A1E7A4F7556}") = "Console", "Console\Console.csproj", "{D637E7FC-86A1-4CB8-BCFE-F6415B639E48}"
EndProject
Project("{FAE04EC0-301F-11D3-BF4B-00C04F79EFBC}") = "XiphosCodeGeneration", "XiphosCodeGeneration\XiphosCodeGeneration.csproj", "{44E5639F-D412-4453-81BF-1281FC18695A}"
EndProject
Global
	GlobalSection(SolutionConfigurationPlatforms) = preSolution
		Debug|Any CPU = Debug|Any CPU
		Release|Any CPU = Release|Any CPU
	EndGlobalSection
	GlobalSection(ProjectConfigurationPlatforms) = postSolution
		{D9AFB613-6A36-4FE5-A00C-2A7A9F4D7ECC}.Debug|Any CPU.ActiveCfg = Debug|Any CPU
		{D9AFB613-6A36-4FE5-A00C-2A7A9F4D7ECC}.Debug|Any CPU.Build.0 = Debug|Any CPU
		{D9AFB613-6A36-4FE5-A00C-2A7A9F4D7ECC}.Release|Any CPU.ActiveCfg = Release|Any CPU
		{D9AFB613-6A36-4FE5-A00C-2A7A9F4D7ECC}.Release|Any CPU.Build.0 = Release|Any CPU
		{D637E7FC-86A1-4CB8-BCFE-F6415B639E48}.Debug|Any CPU.ActiveCfg = Debug|Any CPU
		{D637E7FC-86A1-4CB8-BCFE-F6415B639E48}.Debug|Any CPU.Build.0 = Debug|Any CPU
		{D637E7FC-86A1-4CB8-BCFE-F6415B639E48}.Release|Any CPU.ActiveCfg = Release|Any CPU
		{D637E7FC-86A1-4CB8-BCFE-F6415B639E48}.Release|Any CPU.Build.0 = Release|Any CPU
		{44E5639F-D412-4453-81BF-1281FC18695A}.Debug|Any CPU.ActiveCfg = Debug|Any CPU
		{44E5639F-D412-4453-81BF-1281FC18695A}.Debug|Any CPU.Build.0 = Debug|Any CPU
		{44E5639F-D412-4453-81BF-1281FC18695A}.Release|Any CPU.ActiveCfg = Release|Any CPU
		{44E5639F-D412-4453-81BF-1281FC18695A}.Release|Any CPU.Build.0 = Release|Any CPU
	EndGlobalSection
	GlobalSection(SolutionProperties) = preSolution
		HideSolutionNode = FALSE
	EndGlobalSection
	GlobalSection(ExtensibilityGlobals) = postSolution
		SolutionGuid = {70362514-AA2B-403E-B910-F7788F94BE09}
	EndGlobalSection
EndGlobal
